
Microsoft Visual Studio Solution File, Format Version 12.00
# Visual Studio Version 17
VisualStudioVersion = 17.6.33815.320
MinimumVisualStudioVersion = 10.0.40219.1
Project("{FAE04EC0-301F-11D3-BF4B-00C04F79EFBC}") = "AdvanceEshop", "AdvanceEshop\AdvanceEshop.csproj", "{51EF470E-96DD-46F0-A8F1-13F1CFAE9037}"
EndProject
Global
	GlobalSection(SolutionConfigurationPlatforms) = preSolution
		Debug|Any CPU = Debug|Any CPU
		Release|Any CPU = Release|Any CPU
	EndGlobalSection
	GlobalSection(ProjectConfigurationPlatforms) = postSolution
		{51EF470E-96DD-46F0-A8F1-13F1CFAE9037}.Debug|Any CPU.ActiveCfg = Debug|Any CPU
		{51EF470E-96DD-46F0-A8F1-13F1CFAE9037}.Debug|Any CPU.Build.0 = Debug|Any CPU
		{51EF470E-96DD-46F0-A8F1-13F1CFAE9037}.Release|Any CPU.ActiveCfg = Release|Any CPU
		{51EF470E-96DD-46F0-A8F1-13F1CFAE9037}.Release|Any CPU.Build.0 = Release|Any CPU
	EndGlobalSection
	GlobalSection(SolutionProperties) = preSolution
		HideSolutionNode = FALSE
	EndGlobalSection
	GlobalSection(ExtensibilityGlobals) = postSolution
		SolutionGuid = {3780DB14-E8BA-4534-ACC7-82A3B4A72F0E}
	EndGlobalSection
EndGlobal
